
Microsoft Visual Studio Solution File, Format Version 12.00
# Visual Studio Version 17
VisualStudioVersion = 17.8.34316.72
MinimumVisualStudioVersion = 10.0.40219.1
Project("{FAE04EC0-301F-11D3-BF4B-00C04F79EFBC}") = "SCEllSharp", "SCEllSharp\SCEllSharp.csproj", "{C9B84F30-E004-41E1-8049-DFE145A7657D}"
EndProject
Project("{FAE04EC0-301F-11D3-BF4B-00C04F79EFBC}") = "SCEllSharp.CLI", "SCEllSharp.CLI\SCEllSharp.CLI.csproj", "{7AD98005-46DE-486C-A46B-34C83952C257}"
EndProject
Project("{2150E333-8FDC-42A3-9474-1A3956D46DE8}") = "Solution Items", "Solution Items", "{BB05071D-F955-42E2-B655-8530DAF9E762}"
	ProjectSection(SolutionItems) = preProject
		README.md = README.md
	EndProjectSection
EndProject
Global
	GlobalSection(SolutionConfigurationPlatforms) = preSolution
		Debug|Any CPU = Debug|Any CPU
		Release|Any CPU = Release|Any CPU
	EndGlobalSection
	GlobalSection(ProjectConfigurationPlatforms) = postSolution
		{C9B84F30-E004-41E1-8049-DFE145A7657D}.Debug|Any CPU.ActiveCfg = Debug|Any CPU
		{C9B84F30-E004-41E1-8049-DFE145A7657D}.Debug|Any CPU.Build.0 = Debug|Any CPU
		{C9B84F30-E004-41E1-8049-DFE145A7657D}.Release|Any CPU.ActiveCfg = Release|Any CPU
		{C9B84F30-E004-41E1-8049-DFE145A7657D}.Release|Any CPU.Build.0 = Release|Any CPU
		{7AD98005-46DE-486C-A46B-34C83952C257}.Debug|Any CPU.ActiveCfg = Debug|Any CPU
		{7AD98005-46DE-486C-A46B-34C83952C257}.Debug|Any CPU.Build.0 = Debug|Any CPU
		{7AD98005-46DE-486C-A46B-34C83952C257}.Release|Any CPU.ActiveCfg = Release|Any CPU
		{7AD98005-46DE-486C-A46B-34C83952C257}.Release|Any CPU.Build.0 = Release|Any CPU
	EndGlobalSection
	GlobalSection(SolutionProperties) = preSolution
		HideSolutionNode = FALSE
	EndGlobalSection
	GlobalSection(ExtensibilityGlobals) = postSolution
		SolutionGuid = {F2161C3F-4E33-457E-98CD-76BA51245938}
	EndGlobalSection
EndGlobal
